// !$*UTF8*$!
{
	archiveVersion = 1;
	classes = {
	};
	objectVersion = 48;
	objects = {

/* Begin PBXBuildFile section */
		B16ACC211FAD6FB20097C5A4 /* features.c in Sources */ = {isa = PBXBuildFile; fileRef = B16ACC1D1FAD6FB20097C5A4 /* features.c */; };
		B16ACC231FAD6FB20097C5A4 /* main.c in Sources */ = {isa = PBXBuildFile; fileRef = B16ACC1F1FAD6FB20097C5A4 /* main.c */; };
		B1778AB41FB8953F0029BC1F /* map.c in Sources */ = {isa = PBXBuildFile; fileRef = B1778AB31FB8953F0029BC1F /* map.c */; };
		B1778AB61FB8958B0029BC1F /* commands.c in Sources */ = {isa = PBXBuildFile; fileRef = B1778AB51FB8958B0029BC1F /* commands.c */; };
/* End PBXBuildFile section */

/* Begin PBXCopyFilesBuildPhase section */
		B16ACC0F1FAD6FA10097C5A4 /* CopyFiles */ = {
			isa = PBXCopyFilesBuildPhase;
			buildActionMask = 2147483647;
			dstPath = /usr/share/man/man1/;
			dstSubfolderSpec = 0;
			files = (
			);
			runOnlyForDeploymentPostprocessing = 1;
		};
/* End PBXCopyFilesBuildPhase section */

/* Begin PBXFileReference section */
		B16ACC111FAD6FA10097C5A4 /* ICT1002_Project2 */ = {isa = PBXFileReference; explicitFileType = "compiled.mach-o.executable"; includeInIndex = 0; path = ICT1002_Project2; sourceTree = BUILT_PRODUCTS_DIR; };
		B16ACC1C1FAD6FB20097C5A4 /* campus1002.h */ = {isa = PBXFileReference; fileEncoding = 4; lastKnownFileType = sourcecode.c.h; path = campus1002.h; sourceTree = "<group>"; };
		B16ACC1D1FAD6FB20097C5A4 /* features.c */ = {isa = PBXFileReference; fileEncoding = 4; lastKnownFileType = sourcecode.c.c; path = features.c; sourceTree = "<group>"; };
		B16ACC1F1FAD6FB20097C5A4 /* main.c */ = {isa = PBXFileReference; fileEncoding = 4; lastKnownFileType = sourcecode.c.c; path = main.c; sourceTree = "<group>"; };
		B1778AB31FB8953F0029BC1F /* map.c */ = {isa = PBXFileReference; fileEncoding = 4; lastKnownFileType = sourcecode.c.c; name = map.c; path = ../../../../../../../Downloads/map.c; sourceTree = "<group>"; };
		B1778AB51FB8958B0029BC1F /* commands.c */ = {isa = PBXFileReference; fileEncoding = 4; lastKnownFileType = sourcecode.c.c; name = commands.c; path = ../../../../../../../Downloads/commands.c; sourceTree = "<group>"; };
/* End PBXFileReference section */

/* Begin PBXFrameworksBuildPhase section */
		B16ACC0E1FAD6FA10097C5A4 /* Frameworks */ = {
			isa = PBXFrameworksBuildPhase;
			buildActionMask = 2147483647;
			files = (
			);
			runOnlyForDeploymentPostprocessing = 0;
		};
/* End PBXFrameworksBuildPhase section */

/* Begin PBXGroup section */
		B16ACC081FAD6FA10097C5A4 = {
			isa = PBXGroup;
			children = (
				B16ACC131FAD6FA10097C5A4 /* ICT1002_Project2 */,
				B16ACC121FAD6FA10097C5A4 /* Products */,
			);
			sourceTree = "<group>";
		};
		B16ACC121FAD6FA10097C5A4 /* Products */ = {
			isa = PBXGroup;
			children = (
				B16ACC111FAD6FA10097C5A4 /* ICT1002_Project2 */,
			);
			name = Products;
			sourceTree = "<group>";
		};
		B16ACC131FAD6FA10097C5A4 /* ICT1002_Project2 */ = {
			isa = PBXGroup;
			children = (
				B1778AB51FB8958B0029BC1F /* commands.c */,
				B1778AB31FB8953F0029BC1F /* map.c */,
				B16ACC1C1FAD6FB20097C5A4 /* campus1002.h */,
				B16ACC1D1FAD6FB20097C5A4 /* features.c */,
				B16ACC1F1FAD6FB20097C5A4 /* main.c */,
			);
			path = ICT1002_Project2;
			sourceTree = "<group>";
		};
/* End PBXGroup section */

/* Begin PBXNativeTarget section */
		B16ACC101FAD6FA10097C5A4 /* ICT1002_Project2 */ = {
			isa = PBXNativeTarget;
			buildConfigurationList = B16ACC181FAD6FA10097C5A4 /* Build configuration list for PBXNativeTarget "ICT1002_Project2" */;
			buildPhases = (
				B16ACC0D1FAD6FA10097C5A4 /* Sources */,
				B16ACC0E1FAD6FA10097C5A4 /* Frameworks */,
				B16ACC0F1FAD6FA10097C5A4 /* CopyFiles */,
			);
			buildRules = (
			);
			dependencies = (
			);
			name = ICT1002_Project2;
			productName = ICT1002_Project2;
			productReference = B16ACC111FAD6FA10097C5A4 /* ICT1002_Project2 */;
			productType = "com.apple.product-type.tool";
		};
/* End PBXNativeTarget section */

/* Begin PBXProject section */
		B16ACC091FAD6FA10097C5A4 /* Project object */ = {
			isa = PBXProject;
			attributes = {
				LastUpgradeCheck = 0910;
				ORGANIZATIONNAME = "Leong Wen Qing";
				TargetAttributes = {
					B16ACC101FAD6FA10097C5A4 = {
						CreatedOnToolsVersion = 9.1;
						ProvisioningStyle = Automatic;
					};
				};
			};
			buildConfigurationList = B16ACC0C1FAD6FA10097C5A4 /* Build configuration list for PBXProject "ICT1002_Project2" */;
			compatibilityVersion = "Xcode 8.0";
			developmentRegion = en;
			hasScannedForEncodings = 0;
			knownRegions = (
				en,
			);
			mainGroup = B16ACC081FAD6FA10097C5A4;
			productRefGroup = B16ACC121FAD6FA10097C5A4 /* Products */;
			projectDirPath = "";
			projectRoot = "";
			targets = (
				B16ACC101FAD6FA10097C5A4 /* ICT1002_Project2 */,
			);
		};
/* End PBXProject section */

/* Begin PBXSourcesBuildPhase section */
		B16ACC0D1FAD6FA10097C5A4 /* Sources */ = {
			isa = PBXSourcesBuildPhase;
			buildActionMask = 2147483647;
			files = (
				B16ACC231FAD6FB20097C5A4 /* main.c in Sources */,
				B16ACC211FAD6FB20097C5A4 /* features.c in Sources */,
				B1778AB41FB8953F0029BC1F /* map.c in Sources */,
				B1778AB61FB8958B0029BC1F /* commands.c in Sources */,
			);
			runOnlyForDeploymentPostprocessing = 0;
		};
/* End PBXSourcesBuildPhase section */

/* Begin XCBuildConfiguration section */
		B16ACC161FAD6FA10097C5A4 /* Debug */ = {
			isa = XCBuildConfiguration;
			buildSettings = {
				ALWAYS_SEARCH_USER_PATHS = NO;
				CLANG_ANALYZER_NONNULL = YES;
				CLANG_ANALYZER_NUMBER_OBJECT_CONVERSION = YES_AGGRESSIVE;
				CLANG_CXX_LANGUAGE_STANDARD = "gnu++14";
				CLANG_CXX_LIBRARY = "libc++";
				CLANG_ENABLE_MODULES = YES;
				CLANG_ENABLE_OBJC_ARC = YES;
				CLANG_WARN_BLOCK_CAPTURE_AUTORELEASING = YES;
				CLANG_WARN_BOOL_CONVERSION = YES;
				CLANG_WARN_COMMA = YES;
				CLANG_WARN_CONSTANT_CONVERSION = YES;
				CLANG_WARN_DIRECT_OBJC_ISA_USAGE = YES_ERROR;
				CLANG_WARN_DOCUMENTATION_COMMENTS = YES;
				CLANG_WARN_EMPTY_BODY = YES;
				CLANG_WARN_ENUM_CONVERSION = YES;
				CLANG_WARN_INFINITE_RECURSION = YES;
				CLANG_WARN_INT_CONVERSION = YES;
				CLANG_WARN_NON_LITERAL_NULL_CONVERSION = YES;
				CLANG_WARN_OBJC_LITERAL_CONVERSION = YES;
				CLANG_WARN_OBJC_ROOT_CLASS = YES_ERROR;
				CLANG_WARN_RANGE_LOOP_ANALYSIS = YES;
				CLANG_WARN_STRICT_PROTOTYPES = YES;
				CLANG_WARN_SUSPICIOUS_MOVE = YES;
				CLANG_WARN_UNGUARDED_AVAILABILITY = YES_AGGRESSIVE;
				CLANG_WARN_UNREACHABLE_CODE = YES;
				CLANG_WARN__DUPLICATE_METHOD_MATCH = YES;
				CODE_SIGN_IDENTITY = "Mac Developer";
				COPY_PHASE_STRIP = NO;
				DEBUG_INFORMATION_FORMAT = dwarf;
				ENABLE_STRICT_OBJC_MSGSEND = YES;
				ENABLE_TESTABILITY = YES;
				GCC_C_LANGUAGE_STANDARD = gnu11;
				GCC_DYNAMIC_NO_PIC = NO;
				GCC_NO_COMMON_BLOCKS = YES;
				GCC_OPTIMIZATION_LEVEL = 0;
				GCC_PREPROCESSOR_DEFINITIONS = (
					"DEBUG=1",
					"$(inherited)",
				);
				GCC_WARN_64_TO_32_BIT_CONVERSION = YES;
				GCC_WARN_ABOUT_RETURN_TYPE = YES_ERROR;
				GCC_WARN_UNDECLARED_SELECTOR = YES;
				GCC_WARN_UNINITIALIZED_AUTOS = YES_AGGRESSIVE;
				GCC_WARN_UNUSED_FUNCTION = YES;
				GCC_WARN_UNUSED_VARIABLE = YES;
				MACOSX_DEPLOYMENT_TARGET = 10.13;
				MTL_ENABLE_DEBUG_INFO = YES;
				ONLY_ACTIVE_ARCH = YES;
				SDKROOT = macosx;
			};
			name = Debug;
		};
		B16ACC171FAD6FA10097C5A4 /* Release */ = {
			isa = XCBuildConfiguration;
			buildSettings = {
				ALWAYS_SEARCH_USER_PATHS = NO;
				CLANG_ANALYZER_NONNULL = YES;
				CLANG_ANALYZER_NUMBER_OBJECT_CONVERSION = YES_AGGRESSIVE;
				CLANG_CXX_LANGUAGE_STANDARD = "gnu++14";
				CLANG_CXX_LIBRARY = "libc++";
				CLANG_ENABLE_MODULES = YES;
				CLANG_ENABLE_OBJC_ARC = YES;
				CLANG_WARN_BLOCK_CAPTURE_AUTORELEASING = YES;
				CLANG_WARN_BOOL_CONVERSION = YES;
				CLANG_WARN_COMMA = YES;
				CLANG_WARN_CONSTANT_CONVERSION = YES;
				CLANG_WARN_DIRECT_OBJC_ISA_USAGE = YES_ERROR;
				CLANG_WARN_DOCUMENTATION_COMMENTS = YES;
				CLANG_WARN_EMPTY_BODY = YES;
				CLANG_WARN_ENUM_CONVERSION = YES;
				CLANG_WARN_INFINITE_RECURSION = YES;
				CLANG_WARN_INT_CONVERSION = YES;
				CLANG_WARN_NON_LITERAL_NULL_CONVERSION = YES;
				CLANG_WARN_OBJC_LITERAL_CONVERSION = YES;
				CLANG_WARN_OBJC_ROOT_CLASS = YES_ERROR;
				CLANG_WARN_RANGE_LOOP_ANALYSIS = YES;
				CLANG_WARN_STRICT_PROTOTYPES = YES;
				CLANG_WARN_SUSPICIOUS_MOVE = YES;
				CLANG_WARN_UNGUARDED_AVAILABILITY = YES_AGGRESSIVE;
				CLANG_WARN_UNREACHABLE_CODE = YES;
				CLANG_WARN__DUPLICATE_METHOD_MATCH = YES;
				CODE_SIGN_IDENTITY = "Mac Developer";
				COPY_PHASE_STRIP = NO;
				DEBUG_INFORMATION_FORMAT = "dwarf-with-dsym";
				ENABLE_NS_ASSERTIONS = NO;
				ENABLE_STRICT_OBJC_MSGSEND = YES;
				GCC_C_LANGUAGE_STANDARD = gnu11;
				GCC_NO_COMMON_BLOCKS = YES;
				GCC_WARN_64_TO_32_BIT_CONVERSION = YES;
				GCC_WARN_ABOUT_RETURN_TYPE = YES_ERROR;
				GCC_WARN_UNDECLARED_SELECTOR = YES;
				GCC_WARN_UNINITIALIZED_AUTOS = YES_AGGRESSIVE;
				GCC_WARN_UNUSED_FUNCTION = YES;
				GCC_WARN_UNUSED_VARIABLE = YES;
				MACOSX_DEPLOYMENT_TARGET = 10.13;
				MTL_ENABLE_DEBUG_INFO = NO;
				SDKROOT = macosx;
			};
			name = Release;
		};
		B16ACC191FAD6FA10097C5A4 /* Debug */ = {
			isa = XCBuildConfiguration;
			buildSettings = {
				CODE_SIGN_STYLE = Automatic;
				DEVELOPMENT_TEAM = 8KM8KATF7A;
				PRODUCT_NAME = "$(TARGET_NAME)";
			};
			name = Debug;
		};
		B16ACC1A1FAD6FA10097C5A4 /* Release */ = {
			isa = XCBuildConfiguration;
			buildSettings = {
				CODE_SIGN_STYLE = Automatic;
				DEVELOPMENT_TEAM = 8KM8KATF7A;
				PRODUCT_NAME = "$(TARGET_NAME)";
			};
			name = Release;
		};
/* End XCBuildConfiguration section */

/* Begin XCConfigurationList section */
		B16ACC0C1FAD6FA10097C5A4 /* Build configuration list for PBXProject "ICT1002_Project2" */ = {
			isa = XCConfigurationList;
			buildConfigurations = (
				B16ACC161FAD6FA10097C5A4 /* Debug */,
				B16ACC171FAD6FA10097C5A4 /* Release */,
			);
			defaultConfigurationIsVisible = 0;
			defaultConfigurationName = Release;
		};
		B16ACC181FAD6FA10097C5A4 /* Build configuration list for PBXNativeTarget "ICT1002_Project2" */ = {
			isa = XCConfigurationList;
			buildConfigurations = (
				B16ACC191FAD6FA10097C5A4 /* Debug */,
				B16ACC1A1FAD6FA10097C5A4 /* Release */,
			);
			defaultConfigurationIsVisible = 0;
			defaultConfigurationName = Release;
		};
/* End XCConfigurationList section */
	};
	rootObject = B16ACC091FAD6FA10097C5A4 /* Project object */;
}
